
Microsoft Visual Studio Solution File, Format Version 12.00
# Visual Studio Version 17
VisualStudioVersion = 17.10.35027.167
MinimumVisualStudioVersion = 10.0.40219.1
Project("{FAE04EC0-301F-11D3-BF4B-00C04F79EFBC}") = "delivery.service.api", "delivery.service.api\delivery.service.api.csproj", "{69E92A3F-ABB0-4191-9746-86BA99171229}"
EndProject
Global
	GlobalSection(SolutionConfigurationPlatforms) = preSolution
		Debug|Any CPU = Debug|Any CPU
		Release|Any CPU = Release|Any CPU
	EndGlobalSection
	GlobalSection(ProjectConfigurationPlatforms) = postSolution
		{69E92A3F-ABB0-4191-9746-86BA99171229}.Debug|Any CPU.ActiveCfg = Debug|Any CPU
		{69E92A3F-ABB0-4191-9746-86BA99171229}.Debug|Any CPU.Build.0 = Debug|Any CPU
		{69E92A3F-ABB0-4191-9746-86BA99171229}.Release|Any CPU.ActiveCfg = Release|Any CPU
		{69E92A3F-ABB0-4191-9746-86BA99171229}.Release|Any CPU.Build.0 = Release|Any CPU
	EndGlobalSection
	GlobalSection(SolutionProperties) = preSolution
		HideSolutionNode = FALSE
	EndGlobalSection
	GlobalSection(ExtensibilityGlobals) = postSolution
		SolutionGuid = {7A39A32B-F03F-47EF-B7C0-5EA9E9FE8918}
	EndGlobalSection
EndGlobal
